{
  "version": 4,
  "terraform_version": "0.12.20",
  "serial": 955,
  "lineage": "91e36b4e-51e3-8c8b-80b0-44e913f72d64",
  "outputs": {},
  "resources": [
    {
      "mode": "data",
      "type": "aws_ami",
      "name": "ami-api",
      "provider": "provider.aws",
      "instances": [
        {
          "schema_version": 0,
          "attributes": {
            "architecture": "x86_64",
            "block_device_mappings": [
              {
                "device_name": "/dev/sda1",
                "ebs": {
                  "delete_on_termination": "true",
                  "encrypted": "false",
                  "iops": "0",
                  "snapshot_id": "snap-0ee7a7faffc699eff",
                  "volume_size": "8",
                  "volume_type": "gp2"
                },
                "no_device": "",
                "virtual_name": ""
              },
              {
                "device_name": "/dev/sdb",
                "ebs": {},
                "no_device": "",
                "virtual_name": "ephemeral0"
              },
              {
                "device_name": "/dev/sdc",
                "ebs": {},
                "no_device": "",
                "virtual_name": "ephemeral1"
              }
            ],
            "creation_date": "2020-02-13T06:07:13.000Z",
            "description": null,
            "executable_users": null,
            "filter": [
              {
                "name": "name",
                "values": [
                  "ami-api-*"
                ]
              },
              {
                "name": "root-device-type",
                "values": [
                  "ebs"
                ]
              },
              {
                "name": "virtualization-type",
                "values": [
                  "hvm"
                ]
              }
            ],
            "hypervisor": "xen",
            "id": "ami-0d597fd0f71120256",
            "image_id": "ami-0d597fd0f71120256",
            "image_location": "033849033336/ami-api-1581573830",
            "image_owner_alias": null,
            "image_type": "machine",
            "kernel_id": null,
            "most_recent": true,
            "name": "ami-api-1581573830",
            "name_regex": null,
            "owner_id": "033849033336",
            "owners": [
              "self"
            ],
            "platform": null,
            "product_codes": [
              {
                "product_code_id": "csv6h7oyg29b7epjzg7qdr7no",
                "product_code_type": "marketplace"
              }
            ],
            "public": false,
            "ramdisk_id": null,
            "root_device_name": "/dev/sda1",
            "root_device_type": "ebs",
            "root_snapshot_id": "snap-0ee7a7faffc699eff",
            "sriov_net_support": "simple",
            "state": "available",
            "state_reason": {
              "code": "UNSET",
              "message": "UNSET"
            },
            "tags": {},
            "virtualization_type": "hvm"
          }
        }
      ]
    },
    {
      "mode": "data",
      "type": "aws_ami",
      "name": "ami-web",
      "provider": "provider.aws",
      "instances": [
        {
          "schema_version": 0,
          "attributes": {
            "architecture": "x86_64",
            "block_device_mappings": [
              {
                "device_name": "/dev/sda1",
                "ebs": {
                  "delete_on_termination": "true",
                  "encrypted": "false",
                  "iops": "0",
                  "snapshot_id": "snap-003bdad6f479f3376",
                  "volume_size": "8",
                  "volume_type": "gp2"
                },
                "no_device": "",
                "virtual_name": ""
              },
              {
                "device_name": "/dev/sdb",
                "ebs": {},
                "no_device": "",
                "virtual_name": "ephemeral0"
              },
              {
                "device_name": "/dev/sdc",
                "ebs": {},
                "no_device": "",
                "virtual_name": "ephemeral1"
              }
            ],
            "creation_date": "2020-02-13T04:40:02.000Z",
            "description": null,
            "executable_users": null,
            "filter": [
              {
                "name": "name",
                "values": [
                  "ami-web-*"
                ]
              },
              {
                "name": "root-device-type",
                "values": [
                  "ebs"
                ]
              },
              {
                "name": "virtualization-type",
                "values": [
                  "hvm"
                ]
              }
            ],
            "hypervisor": "xen",
            "id": "ami-031b1608301113fe6",
            "image_id": "ami-031b1608301113fe6",
            "image_location": "033849033336/ami-web-1581568635",
            "image_owner_alias": null,
            "image_type": "machine",
            "kernel_id": null,
            "most_recent": true,
            "name": "ami-web-1581568635",
            "name_regex": null,
            "owner_id": "033849033336",
            "owners": [
              "self"
            ],
            "platform": null,
            "product_codes": [
              {
                "product_code_id": "csv6h7oyg29b7epjzg7qdr7no",
                "product_code_type": "marketplace"
              }
            ],
            "public": false,
            "ramdisk_id": null,
            "root_device_name": "/dev/sda1",
            "root_device_type": "ebs",
            "root_snapshot_id": "snap-003bdad6f479f3376",
            "sriov_net_support": "simple",
            "state": "available",
            "state_reason": {
              "code": "UNSET",
              "message": "UNSET"
            },
            "tags": {},
            "virtualization_type": "hvm"
          }
        }
      ]
    },
    {
      "mode": "managed",
      "type": "aws_autoscaling_group",
      "name": "NODE-API-ASG",
      "provider": "provider.aws",
      "instances": [
        {
          "schema_version": 0,
          "attributes": {
            "arn": "arn:aws:autoscaling:us-east-2:033849033336:autoScalingGroup:29e63b2c-5c88-4071-8062-5c50a8b33b3e:autoScalingGroupName/asg-node-api-lc_2020021306092212060000000120200213060922798100000002",
            "availability_zones": [
              "us-east-2a",
              "us-east-2b",
              "us-east-2c"
            ],
            "default_cooldown": 300,
            "desired_capacity": 1,
            "enabled_metrics": null,
            "force_delete": true,
            "health_check_grace_period": 300,
            "health_check_type": "ELB",
            "id": "asg-node-api-lc_2020021306092212060000000120200213060922798100000002",
            "initial_lifecycle_hook": [],
            "launch_configuration": "node-api-lc_20200213060922120600000001",
            "launch_template": [],
            "load_balancers": [
              "API-ELB"
            ],
            "max_instance_lifetime": 0,
            "max_size": 2,
            "metrics_granularity": "1Minute",
            "min_elb_capacity": null,
            "min_size": 1,
            "mixed_instances_policy": [],
            "name": "asg-node-api-lc_2020021306092212060000000120200213060922798100000002",
            "name_prefix": "asg-node-api-lc_20200213060922120600000001",
            "placement_group": "",
            "protect_from_scale_in": false,
            "service_linked_role_arn": "arn:aws:iam::033849033336:role/aws-service-role/autoscaling.amazonaws.com/AWSServiceRoleForAutoScaling",
            "suspended_processes": null,
            "tag": [
              {
                "key": "tier",
                "propagate_at_launch": true,
                "value": "api"
              }
            ],
            "tags": null,
            "target_group_arns": [],
            "termination_policies": null,
            "timeouts": null,
            "vpc_zone_identifier": [
              "subnet-01af73e5aeba4c269",
              "subnet-02b071b398e546359",
              "subnet-07521f505679f7e66"
            ],
            "wait_for_capacity_timeout": "10m",
            "wait_for_elb_capacity": null
          },
          "private": "eyJlMmJmYjczMC1lY2FhLTExZTYtOGY4OC0zNDM2M2JjN2M0YzAiOnsiZGVsZXRlIjo2MDAwMDAwMDAwMDB9fQ==",
          "dependencies": [
            "aws_db_instance.node-postgres",
            "aws_elb.API-ELB",
            "aws_iam_instance_profile.ec2-s3-profile",
            "aws_key_pair.NODE-API-ssh-key",
            "aws_launch_configuration.NODE-API-launchconfig",
            "aws_security_group.node-api",
            "aws_security_group.node-api-lb",
            "aws_subnet.Public-1",
            "aws_subnet.Public-2",
            "aws_subnet.Public-3"
          ]
        }
      ]
    },
    {
      "mode": "managed",
      "type": "aws_autoscaling_group",
      "name": "NODE-WEB-ASG",
      "provider": "provider.aws",
      "instances": [
        {
          "schema_version": 0,
          "attributes": {
            "arn": "arn:aws:autoscaling:us-east-2:033849033336:autoScalingGroup:61925d42-e6e8-460c-b92d-4cc24052a1c8:autoScalingGroupName/asg-node-web-lc_2020021304414393440000000120200213044152218300000003",
            "availability_zones": [
              "us-east-2a",
              "us-east-2b",
              "us-east-2c"
            ],
            "default_cooldown": 300,
            "desired_capacity": 1,
            "enabled_metrics": [],
            "force_delete": true,
            "health_check_grace_period": 300,
            "health_check_type": "ELB",
            "id": "asg-node-web-lc_2020021304414393440000000120200213044152218300000003",
            "initial_lifecycle_hook": [],
            "launch_configuration": "node-web-lc_20200213044143934400000001",
            "launch_template": [],
            "load_balancers": [
              "WEB-ELB"
            ],
            "max_instance_lifetime": 0,
            "max_size": 2,
            "metrics_granularity": "1Minute",
            "min_elb_capacity": null,
            "min_size": 1,
            "mixed_instances_policy": [],
            "name": "asg-node-web-lc_2020021304414393440000000120200213044152218300000003",
            "name_prefix": "asg-node-web-lc_20200213044143934400000001",
            "placement_group": "",
            "protect_from_scale_in": false,
            "service_linked_role_arn": "arn:aws:iam::033849033336:role/aws-service-role/autoscaling.amazonaws.com/AWSServiceRoleForAutoScaling",
            "suspended_processes": [],
            "tag": [
              {
                "key": "tier",
                "propagate_at_launch": true,
                "value": "web"
              }
            ],
            "tags": null,
            "target_group_arns": [],
            "termination_policies": [],
            "timeouts": null,
            "vpc_zone_identifier": [
              "subnet-01af73e5aeba4c269",
              "subnet-02b071b398e546359",
              "subnet-07521f505679f7e66"
            ],
            "wait_for_capacity_timeout": "10m",
            "wait_for_elb_capacity": null
          },
          "private": "eyJlMmJmYjczMC1lY2FhLTExZTYtOGY4OC0zNDM2M2JjN2M0YzAiOnsiZGVsZXRlIjo2MDAwMDAwMDAwMDB9fQ==",
          "dependencies": [
            "aws_elb.API-ELB",
            "aws_elb.WEB-ELB",
            "aws_iam_instance_profile.ec2-s3-profile",
            "aws_iam_role.ec2-s3",
            "aws_key_pair.NODE-WEB-ssh-key",
            "aws_launch_configuration.NODE-WEB-launchconfig",
            "aws_security_group.node-api-lb",
            "aws_security_group.node-web",
            "aws_security_group.node-web-lb",
            "aws_subnet.Public-1",
            "aws_subnet.Public-2",
            "aws_subnet.Public-3",
            "aws_vpc.main"
          ]
        }
      ]
    },
    {
      "mode": "managed",
      "type": "aws_autoscaling_lifecycle_hook",
      "name": "ASG-API-LifeHook",
      "provider": "provider.aws",
      "instances": [
        {
          "schema_version": 0,
          "attributes": {
            "autoscaling_group_name": "asg-node-api-lc_2020021306092212060000000120200213060922798100000002",
            "default_result": "CONTINUE",
            "heartbeat_timeout": 300,
            "id": "ASG-API-LifeHook",
            "lifecycle_transition": "autoscaling:EC2_INSTANCE_TERMINATING",
            "name": "ASG-API-LifeHook",
            "notification_metadata": "",
            "notification_target_arn": "",
            "role_arn": ""
          },
          "private": "bnVsbA==",
          "dependencies": [
            "aws_autoscaling_group.NODE-API-ASG",
            "aws_db_instance.node-postgres",
            "aws_elb.API-ELB",
            "aws_iam_instance_profile.ec2-s3-profile",
            "aws_key_pair.NODE-API-ssh-key",
            "aws_launch_configuration.NODE-API-launchconfig",
            "aws_security_group.node-api",
            "aws_security_group.node-api-lb",
            "aws_subnet.Public-1",
            "aws_subnet.Public-2",
            "aws_subnet.Public-3"
          ]
        }
      ]
    },
    {
      "mode": "managed",
      "type": "aws_autoscaling_lifecycle_hook",
      "name": "ASG-WEB-LifeHook",
      "provider": "provider.aws",
      "instances": [
        {
          "schema_version": 0,
          "attributes": {
            "autoscaling_group_name": "asg-node-web-lc_2020021304414393440000000120200213044152218300000003",
            "default_result": "CONTINUE",
            "heartbeat_timeout": 300,
            "id": "ASG-WEB-LifeHook",
            "lifecycle_transition": "autoscaling:EC2_INSTANCE_TERMINATING",
            "name": "ASG-WEB-LifeHook",
            "notification_metadata": "",
            "notification_target_arn": "",
            "role_arn": ""
          },
          "private": "bnVsbA==",
          "dependencies": [
            "aws_autoscaling_group.NODE-WEB-ASG",
            "aws_elb.API-ELB",
            "aws_elb.WEB-ELB",
            "aws_iam_instance_profile.ec2-s3-profile",
            "aws_iam_role.ec2-s3",
            "aws_key_pair.NODE-WEB-ssh-key",
            "aws_launch_configuration.NODE-WEB-launchconfig",
            "aws_security_group.node-api-lb",
            "aws_security_group.node-web",
            "aws_security_group.node-web-lb",
            "aws_subnet.Public-1",
            "aws_subnet.Public-2",
            "aws_subnet.Public-3",
            "aws_vpc.main"
          ]
        }
      ]
    },
    {
      "mode": "managed",
      "type": "aws_autoscaling_policy",
      "name": "NODE-API-CPU-Down-Policy",
      "provider": "provider.aws",
      "instances": [
        {
          "schema_version": 0,
          "attributes": {
            "adjustment_type": "ChangeInCapacity",
            "arn": "arn:aws:autoscaling:us-east-2:033849033336:scalingPolicy:76dc0755-17d3-4c69-a7aa-dca80e989acc:autoScalingGroupName/asg-node-api-lc_2020021306092212060000000120200213060922798100000002:policyName/NODE-API-CPU-Down-Policy",
            "autoscaling_group_name": "asg-node-api-lc_2020021306092212060000000120200213060922798100000002",
            "cooldown": 300,
            "estimated_instance_warmup": 0,
            "id": "NODE-API-CPU-Down-Policy",
            "metric_aggregation_type": "",
            "min_adjustment_magnitude": null,
            "min_adjustment_step": null,
            "name": "NODE-API-CPU-Down-Policy",
            "policy_type": "SimpleScaling",
            "scaling_adjustment": -1,
            "step_adjustment": [],
            "target_tracking_configuration": []
          },
          "private": "bnVsbA==",
          "dependencies": [
            "aws_autoscaling_group.NODE-API-ASG",
            "aws_db_instance.node-postgres",
            "aws_elb.API-ELB",
            "aws_iam_instance_profile.ec2-s3-profile",
            "aws_key_pair.NODE-API-ssh-key",
            "aws_launch_configuration.NODE-API-launchconfig",
            "aws_security_group.node-api",
            "aws_security_group.node-api-lb",
            "aws_subnet.Public-1",
            "aws_subnet.Public-2",
            "aws_subnet.Public-3"
          ]
        }
      ]
    },
    {
      "mode": "managed",
      "type": "aws_autoscaling_policy",
      "name": "NODE-API-CPU-UP-Policy",
      "provider": "provider.aws",
      "instances": [
        {
          "schema_version": 0,
          "attributes": {
            "adjustment_type": "ChangeInCapacity",
            "arn": "arn:aws:autoscaling:us-east-2:033849033336:scalingPolicy:c6b6b435-0c08-4589-840e-04044f5b2ad7:autoScalingGroupName/asg-node-api-lc_2020021306092212060000000120200213060922798100000002:policyName/NODE-API-CPU-UP-Policy",
            "autoscaling_group_name": "asg-node-api-lc_2020021306092212060000000120200213060922798100000002",
            "cooldown": 300,
            "estimated_instance_warmup": 0,
            "id": "NODE-API-CPU-UP-Policy",
            "metric_aggregation_type": "",
            "min_adjustment_magnitude": null,
            "min_adjustment_step": null,
            "name": "NODE-API-CPU-UP-Policy",
            "policy_type": "SimpleScaling",
            "scaling_adjustment": 1,
            "step_adjustment": [],
            "target_tracking_configuration": []
          },
          "private": "bnVsbA==",
          "dependencies": [
            "aws_autoscaling_group.NODE-API-ASG",
            "aws_db_instance.node-postgres",
            "aws_elb.API-ELB",
            "aws_iam_instance_profile.ec2-s3-profile",
            "aws_key_pair.NODE-API-ssh-key",
            "aws_launch_configuration.NODE-API-launchconfig",
            "aws_security_group.node-api",
            "aws_security_group.node-api-lb",
            "aws_subnet.Public-1",
            "aws_subnet.Public-2",
            "aws_subnet.Public-3"
          ]
        }
      ]
    },
    {
      "mode": "managed",
      "type": "aws_autoscaling_policy",
      "name": "NODE-WEB-CPU-Down-Policy",
      "provider": "provider.aws",
      "instances": [
        {
          "schema_version": 0,
          "attributes": {
            "adjustment_type": "ChangeInCapacity",
            "arn": "arn:aws:autoscaling:us-east-2:033849033336:scalingPolicy:2c6d5a18-27a0-4605-80a4-7bf929887632:autoScalingGroupName/asg-node-web-lc_2020021304414393440000000120200213044152218300000003:policyName/NODE-WEB-CPU-Down-Policy",
            "autoscaling_group_name": "asg-node-web-lc_2020021304414393440000000120200213044152218300000003",
            "cooldown": 300,
            "estimated_instance_warmup": 0,
            "id": "NODE-WEB-CPU-Down-Policy",
            "metric_aggregation_type": "",
            "min_adjustment_magnitude": null,
            "min_adjustment_step": null,
            "name": "NODE-WEB-CPU-Down-Policy",
            "policy_type": "SimpleScaling",
            "scaling_adjustment": -1,
            "step_adjustment": [],
            "target_tracking_configuration": []
          },
          "private": "bnVsbA==",
          "dependencies": [
            "aws_autoscaling_group.NODE-WEB-ASG",
            "aws_elb.API-ELB",
            "aws_elb.WEB-ELB",
            "aws_iam_instance_profile.ec2-s3-profile",
            "aws_iam_role.ec2-s3",
            "aws_key_pair.NODE-WEB-ssh-key",
            "aws_launch_configuration.NODE-WEB-launchconfig",
            "aws_security_group.node-api-lb",
            "aws_security_group.node-web",
            "aws_security_group.node-web-lb",
            "aws_subnet.Public-1",
            "aws_subnet.Public-2",
            "aws_subnet.Public-3",
            "aws_vpc.main"
          ]
        }
      ]
    },
    {
      "mode": "managed",
      "type": "aws_autoscaling_policy",
      "name": "NODE-WEB-CPU-UP-Policy",
      "provider": "provider.aws",
      "instances": [
        {
          "schema_version": 0,
          "attributes": {
            "adjustment_type": "ChangeInCapacity",
            "arn": "arn:aws:autoscaling:us-east-2:033849033336:scalingPolicy:f34fe946-1302-4d8e-a8b9-0620241e6229:autoScalingGroupName/asg-node-web-lc_2020021304414393440000000120200213044152218300000003:policyName/NODE-WEB-CPU-UP-Policy",
            "autoscaling_group_name": "asg-node-web-lc_2020021304414393440000000120200213044152218300000003",
            "cooldown": 300,
            "estimated_instance_warmup": 0,
            "id": "NODE-WEB-CPU-UP-Policy",
            "metric_aggregation_type": "",
            "min_adjustment_magnitude": null,
            "min_adjustment_step": null,
            "name": "NODE-WEB-CPU-UP-Policy",
            "policy_type": "SimpleScaling",
            "scaling_adjustment": 1,
            "step_adjustment": [],
            "target_tracking_configuration": []
          },
          "private": "bnVsbA==",
          "dependencies": [
            "aws_autoscaling_group.NODE-WEB-ASG",
            "aws_elb.API-ELB",
            "aws_elb.WEB-ELB",
            "aws_iam_instance_profile.ec2-s3-profile",
            "aws_iam_role.ec2-s3",
            "aws_key_pair.NODE-WEB-ssh-key",
            "aws_launch_configuration.NODE-WEB-launchconfig",
            "aws_security_group.node-api-lb",
            "aws_security_group.node-web",
            "aws_security_group.node-web-lb",
            "aws_subnet.Public-1",
            "aws_subnet.Public-2",
            "aws_subnet.Public-3",
            "aws_vpc.main"
          ]
        }
      ]
    },
    {
      "mode": "managed",
      "type": "aws_cloudfront_distribution",
      "name": "web-toptal",
      "provider": "provider.aws",
      "instances": [
        {
          "schema_version": 1,
          "attributes": {
            "active_trusted_signers": {
              "enabled": "false",
              "items.#": "0"
            },
            "aliases": [],
            "arn": "arn:aws:cloudfront::033849033336:distribution/E1AD1VINMASGPJ",
            "cache_behavior": [],
            "caller_reference": "terraform-20200213044143982600000002",
            "comment": "For Web CDN",
            "custom_error_response": [],
            "default_cache_behavior": [
              {
                "allowed_methods": [
                  "DELETE",
                  "GET",
                  "HEAD",
                  "OPTIONS",
                  "PATCH",
                  "POST",
                  "PUT"
                ],
                "cached_methods": [
                  "GET",
                  "HEAD"
                ],
                "compress": false,
                "default_ttl": 0,
                "field_level_encryption_id": "",
                "forwarded_values": [
                  {
                    "cookies": [
                      {
                        "forward": "none",
                        "whitelisted_names": []
                      }
                    ],
                    "headers": [],
                    "query_string": false,
                    "query_string_cache_keys": []
                  }
                ],
                "lambda_function_association": [],
                "max_ttl": 3600,
                "min_ttl": 0,
                "smooth_streaming": false,
                "target_origin_id": "WEB-ELB",
                "trusted_signers": [],
                "viewer_protocol_policy": "allow-all"
              }
            ],
            "default_root_object": "",
            "domain_name": "d2mvgpaz5iwl90.cloudfront.net",
            "enabled": true,
            "etag": "E1CPSKXI33P59D",
            "hosted_zone_id": "Z2FDTNDATAQYW2",
            "http_version": "http2",
            "id": "E1AD1VINMASGPJ",
            "in_progress_validation_batches": 0,
            "is_ipv6_enabled": true,
            "last_modified_time": "2020-02-13 04:41:44.642 +0000 UTC",
            "logging_config": [
              {
                "bucket": "logs-toptal-test.s3.amazonaws.com",
                "include_cookies": false,
                "prefix": "cdn"
              }
            ],
            "ordered_cache_behavior": [
              {
                "allowed_methods": [
                  "GET",
                  "HEAD",
                  "OPTIONS"
                ],
                "cached_methods": [
                  "GET",
                  "HEAD",
                  "OPTIONS"
                ],
                "compress": true,
                "default_ttl": 3600,
                "field_level_encryption_id": "",
                "forwarded_values": [
                  {
                    "cookies": [
                      {
                        "forward": "none",
                        "whitelisted_names": []
                      }
                    ],
                    "headers": [
                      "Origin"
                    ],
                    "query_string": false,
                    "query_string_cache_keys": []
                  }
                ],
                "lambda_function_association": [],
                "max_ttl": 86400,
                "min_ttl": 0,
                "path_pattern": "/images/*",
                "smooth_streaming": false,
                "target_origin_id": "WEB-ELB",
                "trusted_signers": [],
                "viewer_protocol_policy": "allow-all"
              }
            ],
            "origin": [
              {
                "custom_header": [],
                "custom_origin_config": [
                  {
                    "http_port": 80,
                    "https_port": 443,
                    "origin_keepalive_timeout": 60,
                    "origin_protocol_policy": "http-only",
                    "origin_read_timeout": 30,
                    "origin_ssl_protocols": [
                      "SSLv3",
                      "TLSv1",
                      "TLSv1.1"
                    ]
                  }
                ],
                "domain_name": "WEB-ELB-1549697459.us-east-2.elb.amazonaws.com",
                "origin_id": "WEB-ELB",
                "origin_path": "",
                "s3_origin_config": []
              }
            ],
            "origin_group": [],
            "price_class": "PriceClass_All",
            "restrictions": [
              {
                "geo_restriction": [
                  {
                    "locations": [],
                    "restriction_type": "none"
                  }
                ]
              }
            ],
            "retain_on_delete": false,
            "status": "Deployed",
            "tags": {
              "Environment": "production"
            },
            "viewer_certificate": [
              {
                "acm_certificate_arn": "",
                "cloudfront_default_certificate": true,
                "iam_certificate_id": "",
                "minimum_protocol_version": "TLSv1",
                "ssl_support_method": ""
              }
            ],
            "wait_for_deployment": true,
            "web_acl_id": ""
          },
          "private": "eyJzY2hlbWFfdmVyc2lvbiI6IjEifQ==",
          "dependencies": [
            "aws_elb.WEB-ELB",
            "aws_s3_bucket.logs-toptal-test",
            "aws_security_group.node-web-lb",
            "aws_subnet.Public-1",
            "aws_subnet.Public-2",
            "aws_subnet.Public-3",
            "aws_vpc.main"
          ]
        }
      ]
    },
    {
      "mode": "managed",
      "type": "aws_cloudwatch_metric_alarm",
      "name": "NODE-API-CPU-Down-Alarm",
      "provider": "provider.aws",
      "instances": [
        {
          "schema_version": 1,
          "attributes": {
            "actions_enabled": true,
            "alarm_actions": [
              "arn:aws:autoscaling:us-east-2:033849033336:scalingPolicy:76dc0755-17d3-4c69-a7aa-dca80e989acc:autoScalingGroupName/asg-node-api-lc_2020021306092212060000000120200213060922798100000002:policyName/NODE-API-CPU-Down-Policy"
            ],
            "alarm_description": "This metric monitors ec2 cpu utilization",
            "alarm_name": "NODE-API-CPU-Down-Alarm",
            "arn": "arn:aws:cloudwatch:us-east-2:033849033336:alarm:NODE-API-CPU-Down-Alarm",
            "comparison_operator": "LessThanOrEqualToThreshold",
            "datapoints_to_alarm": 0,
            "dimensions": {
              "AutoScalingGroupName": "asg-node-api-lc_2020021306092212060000000120200213060922798100000002"
            },
            "evaluate_low_sample_count_percentiles": "",
            "evaluation_periods": 2,
            "extended_statistic": "",
            "id": "NODE-API-CPU-Down-Alarm",
            "insufficient_data_actions": [],
            "metric_name": "CPUUtilization",
            "metric_query": [],
            "namespace": "AWS/EC2",
            "ok_actions": [],
            "period": 120,
            "statistic": "Average",
            "tags": {},
            "threshold": 25,
            "threshold_metric_id": "",
            "treat_missing_data": "missing",
            "unit": ""
          },
          "private": "eyJzY2hlbWFfdmVyc2lvbiI6IjEifQ==",
          "dependencies": [
            "aws_autoscaling_group.NODE-API-ASG",
            "aws_autoscaling_policy.NODE-API-CPU-Down-Policy",
            "aws_db_instance.node-postgres",
            "aws_elb.API-ELB",
            "aws_iam_instance_profile.ec2-s3-profile",
            "aws_key_pair.NODE-API-ssh-key",
            "aws_launch_configuration.NODE-API-launchconfig",
            "aws_security_group.node-api",
            "aws_security_group.node-api-lb",
            "aws_subnet.Public-1",
            "aws_subnet.Public-2",
            "aws_subnet.Public-3"
          ]
        }
      ]
    },
    {
      "mode": "managed",
      "type": "aws_cloudwatch_metric_alarm",
      "name": "NODE-API-CPU-UP-Alarm",
      "provider": "provider.aws",
      "instances": [
        {
          "schema_version": 1,
          "attributes": {
            "actions_enabled": true,
            "alarm_actions": [
              "arn:aws:autoscaling:us-east-2:033849033336:scalingPolicy:c6b6b435-0c08-4589-840e-04044f5b2ad7:autoScalingGroupName/asg-node-api-lc_2020021306092212060000000120200213060922798100000002:policyName/NODE-API-CPU-UP-Policy"
            ],
            "alarm_description": "This metric monitors ec2 cpu utilization",
            "alarm_name": "NODE-API-CPU-UP-Alarm",
            "arn": "arn:aws:cloudwatch:us-east-2:033849033336:alarm:NODE-API-CPU-UP-Alarm",
            "comparison_operator": "GreaterThanOrEqualToThreshold",
            "datapoints_to_alarm": 0,
            "dimensions": {
              "AutoScalingGroupName": "asg-node-api-lc_2020021306092212060000000120200213060922798100000002"
            },
            "evaluate_low_sample_count_percentiles": "",
            "evaluation_periods": 2,
            "extended_statistic": "",
            "id": "NODE-API-CPU-UP-Alarm",
            "insufficient_data_actions": [],
            "metric_name": "CPUUtilization",
            "metric_query": [],
            "namespace": "AWS/EC2",
            "ok_actions": [],
            "period": 120,
            "statistic": "Average",
            "tags": {},
            "threshold": 75,
            "threshold_metric_id": "",
            "treat_missing_data": "missing",
            "unit": ""
          },
          "private": "eyJzY2hlbWFfdmVyc2lvbiI6IjEifQ==",
          "dependencies": [
            "aws_autoscaling_group.NODE-API-ASG",
            "aws_autoscaling_policy.NODE-API-CPU-UP-Policy",
            "aws_db_instance.node-postgres",
            "aws_elb.API-ELB",
            "aws_iam_instance_profile.ec2-s3-profile",
            "aws_key_pair.NODE-API-ssh-key",
            "aws_launch_configuration.NODE-API-launchconfig",
            "aws_security_group.node-api",
            "aws_security_group.node-api-lb",
            "aws_subnet.Public-1",
            "aws_subnet.Public-2",
            "aws_subnet.Public-3"
          ]
        }
      ]
    },
    {
      "mode": "managed",
      "type": "aws_cloudwatch_metric_alarm",
      "name": "NODE-WEB-CPU-Down-Alarm",
      "provider": "provider.aws",
      "instances": [
        {
          "schema_version": 1,
          "attributes": {
            "actions_enabled": true,
            "alarm_actions": [
              "arn:aws:autoscaling:us-east-2:033849033336:scalingPolicy:2c6d5a18-27a0-4605-80a4-7bf929887632:autoScalingGroupName/asg-node-web-lc_2020021304414393440000000120200213044152218300000003:policyName/NODE-WEB-CPU-Down-Policy"
            ],
            "alarm_description": "This metric monitors ec2 cpu utilization",
            "alarm_name": "NODE-WEB-CPU-Down-Alarm",
            "arn": "arn:aws:cloudwatch:us-east-2:033849033336:alarm:NODE-WEB-CPU-Down-Alarm",
            "comparison_operator": "LessThanOrEqualToThreshold",
            "datapoints_to_alarm": 0,
            "dimensions": {
              "AutoScalingGroupName": "asg-node-web-lc_2020021304414393440000000120200213044152218300000003"
            },
            "evaluate_low_sample_count_percentiles": "",
            "evaluation_periods": 2,
            "extended_statistic": "",
            "id": "NODE-WEB-CPU-Down-Alarm",
            "insufficient_data_actions": [],
            "metric_name": "CPUUtilization",
            "metric_query": [],
            "namespace": "AWS/EC2",
            "ok_actions": [],
            "period": 120,
            "statistic": "Average",
            "tags": {},
            "threshold": 25,
            "threshold_metric_id": "",
            "treat_missing_data": "missing",
            "unit": ""
          },
          "private": "eyJzY2hlbWFfdmVyc2lvbiI6IjEifQ==",
          "dependencies": [
            "aws_autoscaling_group.NODE-WEB-ASG",
            "aws_autoscaling_policy.NODE-WEB-CPU-Down-Policy",
            "aws_elb.API-ELB",
            "aws_elb.WEB-ELB",
            "aws_iam_instance_profile.ec2-s3-profile",
            "aws_iam_role.ec2-s3",
            "aws_key_pair.NODE-WEB-ssh-key",
            "aws_launch_configuration.NODE-WEB-launchconfig",
            "aws_security_group.node-api-lb",
            "aws_security_group.node-web",
            "aws_security_group.node-web-lb",
            "aws_subnet.Public-1",
            "aws_subnet.Public-2",
            "aws_subnet.Public-3",
            "aws_vpc.main"
          ]
        }
      ]
    },
    {
      "mode": "managed",
      "type": "aws_cloudwatch_metric_alarm",
      "name": "NODE-WEB-CPU-UP-Alarm",
      "provider": "provider.aws",
      "instances": [
        {
          "schema_version": 1,
          "attributes": {
            "actions_enabled": true,
            "alarm_actions": [
              "arn:aws:autoscaling:us-east-2:033849033336:scalingPolicy:f34fe946-1302-4d8e-a8b9-0620241e6229:autoScalingGroupName/asg-node-web-lc_2020021304414393440000000120200213044152218300000003:policyName/NODE-WEB-CPU-UP-Policy"
            ],
            "alarm_description": "This metric monitors ec2 cpu utilization",
            "alarm_name": "NODE-WEB-CPU-UP-Alarm",
            "arn": "arn:aws:cloudwatch:us-east-2:033849033336:alarm:NODE-WEB-CPU-UP-Alarm",
            "comparison_operator": "GreaterThanOrEqualToThreshold",
            "datapoints_to_alarm": 0,
            "dimensions": {
              "AutoScalingGroupName": "asg-node-web-lc_2020021304414393440000000120200213044152218300000003"
            },
            "evaluate_low_sample_count_percentiles": "",
            "evaluation_periods": 2,
            "extended_statistic": "",
            "id": "NODE-WEB-CPU-UP-Alarm",
            "insufficient_data_actions": [],
            "metric_name": "CPUUtilization",
            "metric_query": [],
            "namespace": "AWS/EC2",
            "ok_actions": [],
            "period": 120,
            "statistic": "Average",
            "tags": {},
            "threshold": 75,
            "threshold_metric_id": "",
            "treat_missing_data": "missing",
            "unit": ""
          },
          "private": "eyJzY2hlbWFfdmVyc2lvbiI6IjEifQ==",
          "dependencies": [
            "aws_autoscaling_group.NODE-WEB-ASG",
            "aws_autoscaling_policy.NODE-WEB-CPU-UP-Policy",
            "aws_elb.API-ELB",
            "aws_elb.WEB-ELB",
            "aws_iam_instance_profile.ec2-s3-profile",
            "aws_iam_role.ec2-s3",
            "aws_key_pair.NODE-WEB-ssh-key",
            "aws_launch_configuration.NODE-WEB-launchconfig",
            "aws_security_group.node-api-lb",
            "aws_security_group.node-web",
            "aws_security_group.node-web-lb",
            "aws_subnet.Public-1",
            "aws_subnet.Public-2",
            "aws_subnet.Public-3",
            "aws_vpc.main"
          ]
        }
      ]
    },
    {
      "mode": "managed",
      "type": "aws_db_instance",
      "name": "node-postgres",
      "provider": "provider.aws",
      "instances": [
        {
          "schema_version": 0,
          "attributes": {
            "address": "node-postgres-db.crudjs5c11je.us-east-2.rds.amazonaws.com",
            "allocated_storage": 60,
            "allow_major_version_upgrade": null,
            "apply_immediately": null,
            "arn": "arn:aws:rds:us-east-2:033849033336:db:node-postgres-db",
            "auto_minor_version_upgrade": true,
            "availability_zone": "us-east-2b",
            "backup_retention_period": 15,
            "backup_window": "03:00-04:00",
            "ca_cert_identifier": "rds-ca-2019",
            "character_set_name": null,
            "copy_tags_to_snapshot": false,
            "db_subnet_group_name": "postgres-subnet",
            "deletion_protection": false,
            "domain": "",
            "domain_iam_role_name": "",
            "enabled_cloudwatch_logs_exports": [
              "postgresql"
            ],
            "endpoint": "node-postgres-db.crudjs5c11je.us-east-2.rds.amazonaws.com:5432",
            "engine": "postgres",
            "engine_version": "11.1",
            "final_snapshot_identifier": null,
            "hosted_zone_id": "Z2XHWR1WZ565X2",
            "iam_database_authentication_enabled": false,
            "id": "node-postgres-db",
            "identifier": "node-postgres-db",
            "identifier_prefix": null,
            "instance_class": "db.t2.micro",
            "iops": 0,
            "kms_key_id": "",
            "license_model": "postgresql-license",
            "maintenance_window": "tue:08:09-tue:08:39",
            "max_allocated_storage": 0,
            "monitoring_interval": 0,
            "monitoring_role_arn": "",
            "multi_az": false,
            "name": "toptaldb",
            "option_group_name": "default:postgres-11",
            "parameter_group_name": "postgres-parameters",
            "password": "Rand0mPasSw0rd",
            "performance_insights_enabled": false,
            "performance_insights_kms_key_id": "",
            "performance_insights_retention_period": 0,
            "port": 5432,
            "publicly_accessible": false,
            "replicas": [],
            "replicate_source_db": "",
            "resource_id": "db-4O7A5YFHCUWZFMFI5DMCFVTFZA",
            "s3_import": [],
            "security_group_names": [],
            "skip_final_snapshot": true,
            "snapshot_identifier": null,
            "status": "available",
            "storage_encrypted": false,
            "storage_type": "gp2",
            "tags": {
              "task": "toptal"
            },
            "timeouts": null,
            "timezone": "",
            "username": "dbUser",
            "vpc_security_group_ids": [
              "sg-0fd8bdd1891a69062"
            ]
          },
          "private": "eyJlMmJmYjczMC1lY2FhLTExZTYtOGY4OC0zNDM2M2JjN2M0YzAiOnsiY3JlYXRlIjoyNDAwMDAwMDAwMDAwLCJkZWxldGUiOjI0MDAwMDAwMDAwMDAsInVwZGF0ZSI6NDgwMDAwMDAwMDAwMH19",
          "dependencies": [
            "aws_db_parameter_group.postgres-parameters",
            "aws_db_subnet_group.postgres-subnet",
            "aws_security_group.RDS-sg",
            "aws_subnet.Private-1",
            "aws_subnet.Private-2",
            "aws_subnet.Private-3",
            "aws_vpc.main"
          ]
        }
      ]
    },
    {
      "mode": "managed",
      "type": "aws_db_parameter_group",
      "name": "postgres-parameters",
      "provider": "provider.aws",
      "instances": [
        {
          "schema_version": 0,
          "attributes": {
            "arn": "arn:aws:rds:us-east-2:033849033336:pg:postgres-parameters",
            "description": "Managed by Terraform",
            "family": "postgres11",
            "id": "postgres-parameters",
            "name": "postgres-parameters",
            "name_prefix": null,
            "parameter": [
              {
                "apply_method": "pending-reboot",
                "name": "max_connections",
                "value": "200"
              }
            ],
            "tags": {}
          },
          "private": "bnVsbA=="
        }
      ]
    },
    {
      "mode": "managed",
      "type": "aws_db_subnet_group",
      "name": "postgres-subnet",
      "provider": "provider.aws",
      "instances": [
        {
          "schema_version": 0,
          "attributes": {
            "arn": "arn:aws:rds:us-east-2:033849033336:subgrp:postgres-subnet",
            "description": "Managed by Terraform",
            "id": "postgres-subnet",
            "name": "postgres-subnet",
            "name_prefix": null,
            "subnet_ids": [
              "subnet-000d167f489ec20fc",
              "subnet-01c12b3be548d6737",
              "subnet-0600fff9eb11b825a"
            ],
            "tags": {
              "Name": "My DB subnet group"
            }
          },
          "private": "bnVsbA==",
          "dependencies": [
            "aws_subnet.Private-1",
            "aws_subnet.Private-2",
            "aws_subnet.Private-3",
            "aws_vpc.main"
          ]
        }
      ]
    },
    {
      "mode": "managed",
      "type": "aws_elb",
      "name": "API-ELB",
      "provider": "provider.aws",
      "instances": [
        {
          "schema_version": 0,
          "attributes": {
            "access_logs": [],
            "arn": "arn:aws:elasticloadbalancing:us-east-2:033849033336:loadbalancer/API-ELB",
            "availability_zones": [
              "us-east-2a",
              "us-east-2b",
              "us-east-2c"
            ],
            "connection_draining": true,
            "connection_draining_timeout": 300,
            "cross_zone_load_balancing": true,
            "dns_name": "API-ELB-1893006965.us-east-2.elb.amazonaws.com",
            "health_check": [
              {
                "healthy_threshold": 2,
                "interval": 10,
                "target": "HTTP:80/api/status",
                "timeout": 3,
                "unhealthy_threshold": 10
              }
            ],
            "id": "API-ELB",
            "idle_timeout": 60,
            "instances": [
              "i-0def2efefdab0f156"
            ],
            "internal": false,
            "listener": [
              {
                "instance_port": 443,
                "instance_protocol": "tcp",
                "lb_port": 443,
                "lb_protocol": "tcp",
                "ssl_certificate_id": ""
              },
              {
                "instance_port": 80,
                "instance_protocol": "tcp",
                "lb_port": 80,
                "lb_protocol": "tcp",
                "ssl_certificate_id": ""
              }
            ],
            "name": "API-ELB",
            "name_prefix": null,
            "security_groups": [
              "sg-01c0d25fdc49e86da"
            ],
            "source_security_group": "033849033336/node-api-lb",
            "source_security_group_id": "sg-01c0d25fdc49e86da",
            "subnets": [
              "subnet-01af73e5aeba4c269",
              "subnet-02b071b398e546359",
              "subnet-07521f505679f7e66"
            ],
            "tags": {
              "Name": "API-ELB",
              "task": "toptal"
            },
            "zone_id": "Z3AADJGX6KTTL2"
          },
          "private": "bnVsbA==",
          "dependencies": [
            "aws_security_group.node-api-lb",
            "aws_subnet.Public-1",
            "aws_subnet.Public-2",
            "aws_subnet.Public-3"
          ]
        }
      ]
    },
    {
      "mode": "managed",
      "type": "aws_elb",
      "name": "WEB-ELB",
      "provider": "provider.aws",
      "instances": [
        {
          "schema_version": 0,
          "attributes": {
            "access_logs": [],
            "arn": "arn:aws:elasticloadbalancing:us-east-2:033849033336:loadbalancer/WEB-ELB",
            "availability_zones": [
              "us-east-2a",
              "us-east-2b",
              "us-east-2c"
            ],
            "connection_draining": true,
            "connection_draining_timeout": 300,
            "cross_zone_load_balancing": true,
            "dns_name": "WEB-ELB-1549697459.us-east-2.elb.amazonaws.com",
            "health_check": [
              {
                "healthy_threshold": 2,
                "interval": 10,
                "target": "HTTP:80/",
                "timeout": 3,
                "unhealthy_threshold": 10
              }
            ],
            "id": "WEB-ELB",
            "idle_timeout": 60,
            "instances": [
              "i-07e3ebb32c2758270"
            ],
            "internal": false,
            "listener": [
              {
                "instance_port": 443,
                "instance_protocol": "tcp",
                "lb_port": 443,
                "lb_protocol": "tcp",
                "ssl_certificate_id": ""
              },
              {
                "instance_port": 80,
                "instance_protocol": "tcp",
                "lb_port": 80,
                "lb_protocol": "tcp",
                "ssl_certificate_id": ""
              }
            ],
            "name": "WEB-ELB",
            "name_prefix": null,
            "security_groups": [
              "sg-01e0b5d3b92f31a56"
            ],
            "source_security_group": "033849033336/node-web-lb",
            "source_security_group_id": "sg-01e0b5d3b92f31a56",
            "subnets": [
              "subnet-01af73e5aeba4c269",
              "subnet-02b071b398e546359",
              "subnet-07521f505679f7e66"
            ],
            "tags": {
              "Name": "WEB-ELB"
            },
            "zone_id": "Z3AADJGX6KTTL2"
          },
          "private": "bnVsbA==",
          "dependencies": [
            "aws_security_group.node-web-lb",
            "aws_subnet.Public-1",
            "aws_subnet.Public-2",
            "aws_subnet.Public-3"
          ]
        }
      ]
    },
    {
      "mode": "managed",
      "type": "aws_iam_instance_profile",
      "name": "ec2-s3-profile",
      "provider": "provider.aws",
      "instances": [
        {
          "schema_version": 0,
          "attributes": {
            "arn": "arn:aws:iam::033849033336:instance-profile/ec2-s3-profile",
            "create_date": "2020-02-13T04:41:39Z",
            "id": "ec2-s3-profile",
            "name": "ec2-s3-profile",
            "name_prefix": null,
            "path": "/",
            "role": "ec2-s3",
            "roles": [
              "ec2-s3"
            ],
            "unique_id": "AIPAQPYMPIJ4ITG34OEZZ"
          },
          "private": "bnVsbA==",
          "dependencies": [
            "aws_iam_role.ec2-s3"
          ]
        }
      ]
    },
    {
      "mode": "managed",
      "type": "aws_iam_role",
      "name": "ec2-s3",
      "provider": "provider.aws",
      "instances": [
        {
          "schema_version": 0,
          "attributes": {
            "arn": "arn:aws:iam::033849033336:role/ec2-s3",
            "assume_role_policy": "{\"Version\":\"2012-10-17\",\"Statement\":[{\"Sid\":\"\",\"Effect\":\"Allow\",\"Principal\":{\"Service\":\"ec2.amazonaws.com\"},\"Action\":\"sts:AssumeRole\"}]}",
            "create_date": "2020-02-13T04:41:38Z",
            "description": "",
            "force_detach_policies": false,
            "id": "ec2-s3",
            "max_session_duration": 3600,
            "name": "ec2-s3",
            "name_prefix": null,
            "path": "/",
            "permissions_boundary": null,
            "tags": {
              "tag-key": "ec2-s3"
            },
            "unique_id": "AROAQPYMPIJ4KYYBXIM3I"
          },
          "private": "bnVsbA=="
        }
      ]
    },
    {
      "mode": "managed",
      "type": "aws_iam_role_policy",
      "name": "s3-full-access-hussain",
      "provider": "provider.aws",
      "instances": [
        {
          "schema_version": 0,
          "attributes": {
            "id": "ec2-s3:s3-full-access-hussain",
            "name": "s3-full-access-hussain",
            "name_prefix": null,
            "policy": "{\r\n    \"Version\": \"2012-10-17\",\r\n    \"Statement\": [\r\n        {\r\n            \"Effect\": \"Allow\",\r\n            \"Action\": \"s3:*\",\r\n            \"Resource\": \"*\"\r\n        }\r\n    ]\r\n}\r\n",
            "role": "ec2-s3"
          },
          "private": "bnVsbA==",
          "dependencies": [
            "aws_iam_role.ec2-s3"
          ]
        }
      ]
    },
    {
      "mode": "managed",
      "type": "aws_internet_gateway",
      "name": "main",
      "provider": "provider.aws",
      "instances": [
        {
          "schema_version": 0,
          "attributes": {
            "id": "igw-0f3b9c7d1c9936e7d",
            "owner_id": "033849033336",
            "tags": {
              "task": "toptal"
            },
            "vpc_id": "vpc-01adf5e0602de8e67"
          },
          "private": "bnVsbA==",
          "dependencies": [
            "aws_vpc.main"
          ]
        }
      ]
    },
    {
      "mode": "managed",
      "type": "aws_key_pair",
      "name": "NODE-API-ssh-key",
      "provider": "provider.aws",
      "instances": [
        {
          "schema_version": 1,
          "attributes": {
            "fingerprint": "e9:1d:21:68:09:9a:f9:52:0a:fb:18:cf:20:83:85:2d",
            "id": "NODE-API-ssh-key",
            "key_name": "NODE-API-ssh-key",
            "key_name_prefix": null,
            "key_pair_id": "key-0c4c6ab85ef611e66",
            "public_key": "ssh-rsa AAAAB3NzaC1yc2EAAAADAQABAAABAQDGLx6OyK5exsloYAo+qOxwWbQbwE+AhWCVGrleF4jbeYKrImmDL3tPsdf9iIV0tdPKEMad7m+GyQ9PWuuFtUp8o9UEZu7Ccm8bfFKig87jLO8zT+pG8tyl3g9JMFD5pnMvqzcvisU9BqMGiK3b6PaUUn5nfgSniZw81uJgQIvf4DthM7+xgnpoFyEHB7/vibMvd06BrcXm+r21saLXKTXnO73lQorFX377iDXX72ZA74BjZ30I4fMsp6lcFXH7srhGDmJwWJjCPdyN+/hAvPMoWr/BcoUAADwOZKL7cIfTce87/o3AQHjM9vIdVUxBy6A/6BfSOyTjELRtzKwWrIjz root@localhost.localdomain",
            "tags": {}
          },
          "private": "eyJzY2hlbWFfdmVyc2lvbiI6IjEifQ=="
        }
      ]
    },
    {
      "mode": "managed",
      "type": "aws_key_pair",
      "name": "NODE-WEB-ssh-key",
      "provider": "provider.aws",
      "instances": [
        {
          "schema_version": 1,
          "attributes": {
            "fingerprint": "e9:1d:21:68:09:9a:f9:52:0a:fb:18:cf:20:83:85:2d",
            "id": "NODE-WEB-ssh-key",
            "key_name": "NODE-WEB-ssh-key",
            "key_name_prefix": null,
            "key_pair_id": "key-0c549b72878294911",
            "public_key": "ssh-rsa AAAAB3NzaC1yc2EAAAADAQABAAABAQDGLx6OyK5exsloYAo+qOxwWbQbwE+AhWCVGrleF4jbeYKrImmDL3tPsdf9iIV0tdPKEMad7m+GyQ9PWuuFtUp8o9UEZu7Ccm8bfFKig87jLO8zT+pG8tyl3g9JMFD5pnMvqzcvisU9BqMGiK3b6PaUUn5nfgSniZw81uJgQIvf4DthM7+xgnpoFyEHB7/vibMvd06BrcXm+r21saLXKTXnO73lQorFX377iDXX72ZA74BjZ30I4fMsp6lcFXH7srhGDmJwWJjCPdyN+/hAvPMoWr/BcoUAADwOZKL7cIfTce87/o3AQHjM9vIdVUxBy6A/6BfSOyTjELRtzKwWrIjz root@localhost.localdomain",
            "tags": {}
          },
          "private": "eyJzY2hlbWFfdmVyc2lvbiI6IjEifQ=="
        }
      ]
    },
    {
      "mode": "managed",
      "type": "aws_launch_configuration",
      "name": "NODE-API-launchconfig",
      "provider": "provider.aws",
      "instances": [
        {
          "schema_version": 0,
          "attributes": {
            "arn": "arn:aws:autoscaling:us-east-2:033849033336:launchConfiguration:ec7e1d71-c1a7-4ae2-bb95-fd8900b90372:launchConfigurationName/node-api-lc_20200213060922120600000001",
            "associate_public_ip_address": false,
            "ebs_block_device": [],
            "ebs_optimized": false,
            "enable_monitoring": true,
            "ephemeral_block_device": [],
            "iam_instance_profile": "ec2-s3-profile",
            "id": "node-api-lc_20200213060922120600000001",
            "image_id": "ami-0d597fd0f71120256",
            "instance_type": "t2.micro",
            "key_name": "NODE-API-ssh-key",
            "name": "node-api-lc_20200213060922120600000001",
            "name_prefix": "node-api-lc_",
            "placement_tenancy": null,
            "root_block_device": [
              {
                "delete_on_termination": true,
                "encrypted": false,
                "iops": 0,
                "volume_size": 60,
                "volume_type": "gp2"
              }
            ],
            "security_groups": [
              "sg-005a9de5fd15de1d0"
            ],
            "spot_price": "",
            "user_data": "a77ce17d0dceac524bb7829592ca78cc9e594b18",
            "user_data_base64": null,
            "vpc_classic_link_id": "",
            "vpc_classic_link_security_groups": null
          },
          "private": "bnVsbA==",
          "dependencies": [
            "aws_db_instance.node-postgres",
            "aws_iam_instance_profile.ec2-s3-profile",
            "aws_key_pair.NODE-API-ssh-key",
            "aws_security_group.node-api"
          ]
        }
      ]
    },
    {
      "mode": "managed",
      "type": "aws_launch_configuration",
      "name": "NODE-WEB-launchconfig",
      "provider": "provider.aws",
      "instances": [
        {
          "schema_version": 0,
          "attributes": {
            "arn": "arn:aws:autoscaling:us-east-2:033849033336:launchConfiguration:0bff227b-3715-4aa2-9da0-6f2d21e0e944:launchConfigurationName/node-web-lc_20200213044143934400000001",
            "associate_public_ip_address": false,
            "ebs_block_device": [],
            "ebs_optimized": false,
            "enable_monitoring": true,
            "ephemeral_block_device": [],
            "iam_instance_profile": "ec2-s3-profile",
            "id": "node-web-lc_20200213044143934400000001",
            "image_id": "ami-031b1608301113fe6",
            "instance_type": "t2.micro",
            "key_name": "NODE-WEB-ssh-key",
            "name": "node-web-lc_20200213044143934400000001",
            "name_prefix": "node-web-lc_",
            "placement_tenancy": null,
            "root_block_device": [
              {
                "delete_on_termination": true,
                "encrypted": false,
                "iops": 0,
                "volume_size": 60,
                "volume_type": "gp2"
              }
            ],
            "security_groups": [
              "sg-08c0aec53b1e30687"
            ],
            "spot_price": "",
            "user_data": "118e97013158f81f0b63e3bebb6445bf27903410",
            "user_data_base64": null,
            "vpc_classic_link_id": "",
            "vpc_classic_link_security_groups": []
          },
          "private": "bnVsbA==",
          "dependencies": [
            "aws_elb.API-ELB",
            "aws_iam_instance_profile.ec2-s3-profile",
            "aws_iam_role.ec2-s3",
            "aws_key_pair.NODE-WEB-ssh-key",
            "aws_security_group.node-api-lb",
            "aws_security_group.node-web",
            "aws_security_group.node-web-lb",
            "aws_subnet.Public-1",
            "aws_subnet.Public-2",
            "aws_subnet.Public-3",
            "aws_vpc.main"
          ]
        }
      ]
    },
    {
      "mode": "managed",
      "type": "aws_route_table",
      "name": "main-public",
      "provider": "provider.aws",
      "instances": [
        {
          "schema_version": 0,
          "attributes": {
            "id": "rtb-0d8a50a7494faf151",
            "owner_id": "033849033336",
            "propagating_vgws": [],
            "route": [
              {
                "cidr_block": "0.0.0.0/0",
                "egress_only_gateway_id": "",
                "gateway_id": "igw-0f3b9c7d1c9936e7d",
                "instance_id": "",
                "ipv6_cidr_block": "",
                "nat_gateway_id": "",
                "network_interface_id": "",
                "transit_gateway_id": "",
                "vpc_peering_connection_id": ""
              }
            ],
            "tags": {},
            "vpc_id": "vpc-01adf5e0602de8e67"
          },
          "private": "bnVsbA==",
          "dependencies": [
            "aws_internet_gateway.main",
            "aws_vpc.main"
          ]
        }
      ]
    },
    {
      "mode": "managed",
      "type": "aws_route_table_association",
      "name": "a",
      "provider": "provider.aws",
      "instances": [
        {
          "schema_version": 0,
          "attributes": {
            "gateway_id": null,
            "id": "rtbassoc-04cedfc7d7336ae70",
            "route_table_id": "rtb-0d8a50a7494faf151",
            "subnet_id": "subnet-07521f505679f7e66"
          },
          "private": "bnVsbA==",
          "dependencies": [
            "aws_internet_gateway.main",
            "aws_route_table.main-public",
            "aws_subnet.Public-1",
            "aws_vpc.main"
          ]
        }
      ]
    },
    {
      "mode": "managed",
      "type": "aws_route_table_association",
      "name": "b",
      "provider": "provider.aws",
      "instances": [
        {
          "schema_version": 0,
          "attributes": {
            "gateway_id": null,
            "id": "rtbassoc-06553eab4a9adb1ad",
            "route_table_id": "rtb-0d8a50a7494faf151",
            "subnet_id": "subnet-02b071b398e546359"
          },
          "private": "bnVsbA==",
          "dependencies": [
            "aws_internet_gateway.main",
            "aws_route_table.main-public",
            "aws_subnet.Public-2",
            "aws_vpc.main"
          ]
        }
      ]
    },
    {
      "mode": "managed",
      "type": "aws_route_table_association",
      "name": "c",
      "provider": "provider.aws",
      "instances": [
        {
          "schema_version": 0,
          "attributes": {
            "gateway_id": null,
            "id": "rtbassoc-0a57bd297d378e705",
            "route_table_id": "rtb-0d8a50a7494faf151",
            "subnet_id": "subnet-01af73e5aeba4c269"
          },
          "private": "bnVsbA==",
          "dependencies": [
            "aws_internet_gateway.main",
            "aws_route_table.main-public",
            "aws_subnet.Public-3",
            "aws_vpc.main"
          ]
        }
      ]
    },
    {
      "mode": "managed",
      "type": "aws_s3_bucket",
      "name": "logs-toptal-test",
      "provider": "provider.aws",
      "instances": [
        {
          "schema_version": 0,
          "attributes": {
            "acceleration_status": "",
            "acl": "private",
            "arn": "arn:aws:s3:::logs-toptal-test",
            "bucket": "logs-toptal-test",
            "bucket_domain_name": "logs-toptal-test.s3.amazonaws.com",
            "bucket_prefix": null,
            "bucket_regional_domain_name": "logs-toptal-test.s3.us-east-2.amazonaws.com",
            "cors_rule": [],
            "force_destroy": true,
            "hosted_zone_id": "Z2O1EMRO9K5GLX",
            "id": "logs-toptal-test",
            "lifecycle_rule": [],
            "logging": [],
            "object_lock_configuration": [],
            "policy": null,
            "region": "us-east-2",
            "replication_configuration": [],
            "request_payer": "BucketOwner",
            "server_side_encryption_configuration": [],
            "tags": {
              "Environment": "Prod",
              "Name": "logs-toptal-test"
            },
            "versioning": [
              {
                "enabled": false,
                "mfa_delete": false
              }
            ],
            "website": [],
            "website_domain": null,
            "website_endpoint": null
          },
          "private": "bnVsbA=="
        }
      ]
    },
    {
      "mode": "managed",
      "type": "aws_security_group",
      "name": "RDS-sg",
      "provider": "provider.aws",
      "instances": [
        {
          "schema_version": 1,
          "attributes": {
            "arn": "arn:aws:ec2:us-east-2:033849033336:security-group/sg-0fd8bdd1891a69062",
            "description": "Allow Postgres Connection",
            "egress": [
              {
                "cidr_blocks": [
                  "0.0.0.0/0"
                ],
                "description": "",
                "from_port": 0,
                "ipv6_cidr_blocks": [],
                "prefix_list_ids": [],
                "protocol": "-1",
                "security_groups": [],
                "self": false,
                "to_port": 0
              }
            ],
            "id": "sg-0fd8bdd1891a69062",
            "ingress": [
              {
                "cidr_blocks": [
                  "10.0.0.0/16"
                ],
                "description": "",
                "from_port": 5432,
                "ipv6_cidr_blocks": [],
                "prefix_list_ids": [],
                "protocol": "tcp",
                "security_groups": [],
                "self": false,
                "to_port": 5432
              }
            ],
            "name": "RDS-sg",
            "name_prefix": null,
            "owner_id": "033849033336",
            "revoke_rules_on_delete": false,
            "tags": {
              "Name": "RDS-sg",
              "task": "toptal"
            },
            "timeouts": null,
            "vpc_id": "vpc-01adf5e0602de8e67"
          },
          "private": "eyJlMmJmYjczMC1lY2FhLTExZTYtOGY4OC0zNDM2M2JjN2M0YzAiOnsiY3JlYXRlIjo2MDAwMDAwMDAwMDAsImRlbGV0ZSI6NjAwMDAwMDAwMDAwfSwic2NoZW1hX3ZlcnNpb24iOiIxIn0=",
          "dependencies": [
            "aws_vpc.main"
          ]
        }
      ]
    },
    {
      "mode": "managed",
      "type": "aws_security_group",
      "name": "node-api",
      "provider": "provider.aws",
      "instances": [
        {
          "schema_version": 1,
          "attributes": {
            "arn": "arn:aws:ec2:us-east-2:033849033336:security-group/sg-005a9de5fd15de1d0",
            "description": "Allow HTTP \u0026 HTTPS",
            "egress": [
              {
                "cidr_blocks": [
                  "0.0.0.0/0"
                ],
                "description": "",
                "from_port": 0,
                "ipv6_cidr_blocks": [],
                "prefix_list_ids": [],
                "protocol": "-1",
                "security_groups": [],
                "self": false,
                "to_port": 0
              }
            ],
            "id": "sg-005a9de5fd15de1d0",
            "ingress": [
              {
                "cidr_blocks": [],
                "description": "",
                "from_port": 0,
                "ipv6_cidr_blocks": [],
                "prefix_list_ids": [],
                "protocol": "-1",
                "security_groups": [
                  "sg-01c0d25fdc49e86da"
                ],
                "self": false,
                "to_port": 0
              }
            ],
            "name": "node-api",
            "name_prefix": null,
            "owner_id": "033849033336",
            "revoke_rules_on_delete": false,
            "tags": {
              "Name": "node-api",
              "task": "toptal"
            },
            "timeouts": null,
            "vpc_id": "vpc-01adf5e0602de8e67"
          },
          "private": "eyJlMmJmYjczMC1lY2FhLTExZTYtOGY4OC0zNDM2M2JjN2M0YzAiOnsiY3JlYXRlIjo2MDAwMDAwMDAwMDAsImRlbGV0ZSI6NjAwMDAwMDAwMDAwfSwic2NoZW1hX3ZlcnNpb24iOiIxIn0=",
          "dependencies": [
            "aws_security_group.node-api-lb",
            "aws_vpc.main"
          ]
        }
      ]
    },
    {
      "mode": "managed",
      "type": "aws_security_group",
      "name": "node-api-lb",
      "provider": "provider.aws",
      "instances": [
        {
          "schema_version": 1,
          "attributes": {
            "arn": "arn:aws:ec2:us-east-2:033849033336:security-group/sg-01c0d25fdc49e86da",
            "description": "Allow HTTP \u0026 HTTPS",
            "egress": [
              {
                "cidr_blocks": [
                  "0.0.0.0/0"
                ],
                "description": "",
                "from_port": 0,
                "ipv6_cidr_blocks": [],
                "prefix_list_ids": [],
                "protocol": "-1",
                "security_groups": [],
                "self": false,
                "to_port": 0
              }
            ],
            "id": "sg-01c0d25fdc49e86da",
            "ingress": [
              {
                "cidr_blocks": [
                  "0.0.0.0/0"
                ],
                "description": "",
                "from_port": 443,
                "ipv6_cidr_blocks": [],
                "prefix_list_ids": [],
                "protocol": "tcp",
                "security_groups": [],
                "self": false,
                "to_port": 443
              },
              {
                "cidr_blocks": [
                  "0.0.0.0/0"
                ],
                "description": "",
                "from_port": 80,
                "ipv6_cidr_blocks": [],
                "prefix_list_ids": [],
                "protocol": "tcp",
                "security_groups": [],
                "self": false,
                "to_port": 80
              }
            ],
            "name": "node-api-lb",
            "name_prefix": null,
            "owner_id": "033849033336",
            "revoke_rules_on_delete": false,
            "tags": {
              "Name": "node-api-lb",
              "task": "toptal"
            },
            "timeouts": null,
            "vpc_id": "vpc-01adf5e0602de8e67"
          },
          "private": "eyJlMmJmYjczMC1lY2FhLTExZTYtOGY4OC0zNDM2M2JjN2M0YzAiOnsiY3JlYXRlIjo2MDAwMDAwMDAwMDAsImRlbGV0ZSI6NjAwMDAwMDAwMDAwfSwic2NoZW1hX3ZlcnNpb24iOiIxIn0=",
          "dependencies": [
            "aws_vpc.main"
          ]
        }
      ]
    },
    {
      "mode": "managed",
      "type": "aws_security_group",
      "name": "node-web",
      "provider": "provider.aws",
      "instances": [
        {
          "schema_version": 1,
          "attributes": {
            "arn": "arn:aws:ec2:us-east-2:033849033336:security-group/sg-08c0aec53b1e30687",
            "description": "Allow HTTP \u0026 HTTPS",
            "egress": [
              {
                "cidr_blocks": [
                  "0.0.0.0/0"
                ],
                "description": "",
                "from_port": 0,
                "ipv6_cidr_blocks": [],
                "prefix_list_ids": [],
                "protocol": "-1",
                "security_groups": [],
                "self": false,
                "to_port": 0
              }
            ],
            "id": "sg-08c0aec53b1e30687",
            "ingress": [
              {
                "cidr_blocks": [],
                "description": "",
                "from_port": 0,
                "ipv6_cidr_blocks": [],
                "prefix_list_ids": [],
                "protocol": "-1",
                "security_groups": [
                  "sg-01e0b5d3b92f31a56"
                ],
                "self": false,
                "to_port": 0
              }
            ],
            "name": "node-web",
            "name_prefix": null,
            "owner_id": "033849033336",
            "revoke_rules_on_delete": false,
            "tags": {
              "Name": "node-web",
              "task": "toptal"
            },
            "timeouts": null,
            "vpc_id": "vpc-01adf5e0602de8e67"
          },
          "private": "eyJlMmJmYjczMC1lY2FhLTExZTYtOGY4OC0zNDM2M2JjN2M0YzAiOnsiY3JlYXRlIjo2MDAwMDAwMDAwMDAsImRlbGV0ZSI6NjAwMDAwMDAwMDAwfSwic2NoZW1hX3ZlcnNpb24iOiIxIn0=",
          "dependencies": [
            "aws_security_group.node-web-lb",
            "aws_vpc.main"
          ]
        }
      ]
    },
    {
      "mode": "managed",
      "type": "aws_security_group",
      "name": "node-web-lb",
      "provider": "provider.aws",
      "instances": [
        {
          "schema_version": 1,
          "attributes": {
            "arn": "arn:aws:ec2:us-east-2:033849033336:security-group/sg-01e0b5d3b92f31a56",
            "description": "Allow HTTP \u0026 HTTPS",
            "egress": [
              {
                "cidr_blocks": [
                  "0.0.0.0/0"
                ],
                "description": "",
                "from_port": 0,
                "ipv6_cidr_blocks": [],
                "prefix_list_ids": [],
                "protocol": "-1",
                "security_groups": [],
                "self": false,
                "to_port": 0
              }
            ],
            "id": "sg-01e0b5d3b92f31a56",
            "ingress": [
              {
                "cidr_blocks": [
                  "0.0.0.0/0"
                ],
                "description": "",
                "from_port": 443,
                "ipv6_cidr_blocks": [],
                "prefix_list_ids": [],
                "protocol": "tcp",
                "security_groups": [],
                "self": false,
                "to_port": 443
              },
              {
                "cidr_blocks": [
                  "0.0.0.0/0"
                ],
                "description": "",
                "from_port": 80,
                "ipv6_cidr_blocks": [],
                "prefix_list_ids": [],
                "protocol": "tcp",
                "security_groups": [],
                "self": false,
                "to_port": 80
              }
            ],
            "name": "node-web-lb",
            "name_prefix": null,
            "owner_id": "033849033336",
            "revoke_rules_on_delete": false,
            "tags": {
              "Name": "node-web-lb",
              "task": "toptal"
            },
            "timeouts": null,
            "vpc_id": "vpc-01adf5e0602de8e67"
          },
          "private": "eyJlMmJmYjczMC1lY2FhLTExZTYtOGY4OC0zNDM2M2JjN2M0YzAiOnsiY3JlYXRlIjo2MDAwMDAwMDAwMDAsImRlbGV0ZSI6NjAwMDAwMDAwMDAwfSwic2NoZW1hX3ZlcnNpb24iOiIxIn0=",
          "dependencies": [
            "aws_vpc.main"
          ]
        }
      ]
    },
    {
      "mode": "managed",
      "type": "aws_subnet",
      "name": "Private-1",
      "provider": "provider.aws",
      "instances": [
        {
          "schema_version": 1,
          "attributes": {
            "arn": "arn:aws:ec2:us-east-2:033849033336:subnet/subnet-000d167f489ec20fc",
            "assign_ipv6_address_on_creation": false,
            "availability_zone": "us-east-2a",
            "availability_zone_id": "use2-az1",
            "cidr_block": "10.0.4.0/24",
            "id": "subnet-000d167f489ec20fc",
            "ipv6_cidr_block": "",
            "ipv6_cidr_block_association_id": "",
            "map_public_ip_on_launch": false,
            "owner_id": "033849033336",
            "tags": {
              "Name": "Private-Subnet-1",
              "task": "toptal"
            },
            "timeouts": null,
            "vpc_id": "vpc-01adf5e0602de8e67"
          },
          "private": "eyJlMmJmYjczMC1lY2FhLTExZTYtOGY4OC0zNDM2M2JjN2M0YzAiOnsiY3JlYXRlIjo2MDAwMDAwMDAwMDAsImRlbGV0ZSI6MTIwMDAwMDAwMDAwMH0sInNjaGVtYV92ZXJzaW9uIjoiMSJ9",
          "dependencies": [
            "aws_vpc.main"
          ]
        }
      ]
    },
    {
      "mode": "managed",
      "type": "aws_subnet",
      "name": "Private-2",
      "provider": "provider.aws",
      "instances": [
        {
          "schema_version": 1,
          "attributes": {
            "arn": "arn:aws:ec2:us-east-2:033849033336:subnet/subnet-01c12b3be548d6737",
            "assign_ipv6_address_on_creation": false,
            "availability_zone": "us-east-2b",
            "availability_zone_id": "use2-az2",
            "cidr_block": "10.0.5.0/24",
            "id": "subnet-01c12b3be548d6737",
            "ipv6_cidr_block": "",
            "ipv6_cidr_block_association_id": "",
            "map_public_ip_on_launch": false,
            "owner_id": "033849033336",
            "tags": {
              "Name": "Private-Subnet-2",
              "task": "toptal"
            },
            "timeouts": null,
            "vpc_id": "vpc-01adf5e0602de8e67"
          },
          "private": "eyJlMmJmYjczMC1lY2FhLTExZTYtOGY4OC0zNDM2M2JjN2M0YzAiOnsiY3JlYXRlIjo2MDAwMDAwMDAwMDAsImRlbGV0ZSI6MTIwMDAwMDAwMDAwMH0sInNjaGVtYV92ZXJzaW9uIjoiMSJ9",
          "dependencies": [
            "aws_vpc.main"
          ]
        }
      ]
    },
    {
      "mode": "managed",
      "type": "aws_subnet",
      "name": "Private-3",
      "provider": "provider.aws",
      "instances": [
        {
          "schema_version": 1,
          "attributes": {
            "arn": "arn:aws:ec2:us-east-2:033849033336:subnet/subnet-0600fff9eb11b825a",
            "assign_ipv6_address_on_creation": false,
            "availability_zone": "us-east-2c",
            "availability_zone_id": "use2-az3",
            "cidr_block": "10.0.6.0/24",
            "id": "subnet-0600fff9eb11b825a",
            "ipv6_cidr_block": "",
            "ipv6_cidr_block_association_id": "",
            "map_public_ip_on_launch": false,
            "owner_id": "033849033336",
            "tags": {
              "Name": "Private-Subnet-3",
              "task": "toptal"
            },
            "timeouts": null,
            "vpc_id": "vpc-01adf5e0602de8e67"
          },
          "private": "eyJlMmJmYjczMC1lY2FhLTExZTYtOGY4OC0zNDM2M2JjN2M0YzAiOnsiY3JlYXRlIjo2MDAwMDAwMDAwMDAsImRlbGV0ZSI6MTIwMDAwMDAwMDAwMH0sInNjaGVtYV92ZXJzaW9uIjoiMSJ9",
          "dependencies": [
            "aws_vpc.main"
          ]
        }
      ]
    },
    {
      "mode": "managed",
      "type": "aws_subnet",
      "name": "Public-1",
      "provider": "provider.aws",
      "instances": [
        {
          "schema_version": 1,
          "attributes": {
            "arn": "arn:aws:ec2:us-east-2:033849033336:subnet/subnet-07521f505679f7e66",
            "assign_ipv6_address_on_creation": false,
            "availability_zone": "us-east-2a",
            "availability_zone_id": "use2-az1",
            "cidr_block": "10.0.1.0/24",
            "id": "subnet-07521f505679f7e66",
            "ipv6_cidr_block": "",
            "ipv6_cidr_block_association_id": "",
            "map_public_ip_on_launch": true,
            "owner_id": "033849033336",
            "tags": {
              "Name": "Public-Subnet-1",
              "task": "toptal"
            },
            "timeouts": null,
            "vpc_id": "vpc-01adf5e0602de8e67"
          },
          "private": "eyJlMmJmYjczMC1lY2FhLTExZTYtOGY4OC0zNDM2M2JjN2M0YzAiOnsiY3JlYXRlIjo2MDAwMDAwMDAwMDAsImRlbGV0ZSI6MTIwMDAwMDAwMDAwMH0sInNjaGVtYV92ZXJzaW9uIjoiMSJ9",
          "dependencies": [
            "aws_vpc.main"
          ]
        }
      ]
    },
    {
      "mode": "managed",
      "type": "aws_subnet",
      "name": "Public-2",
      "provider": "provider.aws",
      "instances": [
        {
          "schema_version": 1,
          "attributes": {
            "arn": "arn:aws:ec2:us-east-2:033849033336:subnet/subnet-02b071b398e546359",
            "assign_ipv6_address_on_creation": false,
            "availability_zone": "us-east-2b",
            "availability_zone_id": "use2-az2",
            "cidr_block": "10.0.2.0/24",
            "id": "subnet-02b071b398e546359",
            "ipv6_cidr_block": "",
            "ipv6_cidr_block_association_id": "",
            "map_public_ip_on_launch": true,
            "owner_id": "033849033336",
            "tags": {
              "Name": "Public-Subnet-2",
              "task": "toptal"
            },
            "timeouts": null,
            "vpc_id": "vpc-01adf5e0602de8e67"
          },
          "private": "eyJlMmJmYjczMC1lY2FhLTExZTYtOGY4OC0zNDM2M2JjN2M0YzAiOnsiY3JlYXRlIjo2MDAwMDAwMDAwMDAsImRlbGV0ZSI6MTIwMDAwMDAwMDAwMH0sInNjaGVtYV92ZXJzaW9uIjoiMSJ9",
          "dependencies": [
            "aws_vpc.main"
          ]
        }
      ]
    },
    {
      "mode": "managed",
      "type": "aws_subnet",
      "name": "Public-3",
      "provider": "provider.aws",
      "instances": [
        {
          "schema_version": 1,
          "attributes": {
            "arn": "arn:aws:ec2:us-east-2:033849033336:subnet/subnet-01af73e5aeba4c269",
            "assign_ipv6_address_on_creation": false,
            "availability_zone": "us-east-2c",
            "availability_zone_id": "use2-az3",
            "cidr_block": "10.0.3.0/24",
            "id": "subnet-01af73e5aeba4c269",
            "ipv6_cidr_block": "",
            "ipv6_cidr_block_association_id": "",
            "map_public_ip_on_launch": true,
            "owner_id": "033849033336",
            "tags": {
              "Name": "Public-Subnet-3",
              "task": "toptal"
            },
            "timeouts": null,
            "vpc_id": "vpc-01adf5e0602de8e67"
          },
          "private": "eyJlMmJmYjczMC1lY2FhLTExZTYtOGY4OC0zNDM2M2JjN2M0YzAiOnsiY3JlYXRlIjo2MDAwMDAwMDAwMDAsImRlbGV0ZSI6MTIwMDAwMDAwMDAwMH0sInNjaGVtYV92ZXJzaW9uIjoiMSJ9",
          "dependencies": [
            "aws_vpc.main"
          ]
        }
      ]
    },
    {
      "mode": "managed",
      "type": "aws_vpc",
      "name": "main",
      "provider": "provider.aws",
      "instances": [
        {
          "schema_version": 1,
          "attributes": {
            "arn": "arn:aws:ec2:us-east-2:033849033336:vpc/vpc-01adf5e0602de8e67",
            "assign_generated_ipv6_cidr_block": false,
            "cidr_block": "10.0.0.0/16",
            "default_network_acl_id": "acl-0728c2dc64323855a",
            "default_route_table_id": "rtb-0a3f810410139ce8a",
            "default_security_group_id": "sg-0a7c173c65e4b2270",
            "dhcp_options_id": "dopt-ab13d3c0",
            "enable_classiclink": null,
            "enable_classiclink_dns_support": null,
            "enable_dns_hostnames": false,
            "enable_dns_support": true,
            "id": "vpc-01adf5e0602de8e67",
            "instance_tenancy": "default",
            "ipv6_association_id": "",
            "ipv6_cidr_block": "",
            "main_route_table_id": "rtb-0a3f810410139ce8a",
            "owner_id": "033849033336",
            "tags": {
              "task": "toptal"
            }
          },
          "private": "eyJzY2hlbWFfdmVyc2lvbiI6IjEifQ=="
        }
      ]
    }
  ]
}
